
Microsoft Visual Studio Solution File, Format Version 12.00
# Visual Studio Version 17
VisualStudioVersion = 17.4.33213.308
MinimumVisualStudioVersion = 10.0.40219.1
Project("{FAE04EC0-301F-11D3-BF4B-00C04F79EFBC}") = "CA.MigratorDB", "CA.MigratorDB\CA.MigratorDB.csproj", "{377F2302-A03D-45D8-AE65-22A059C482D8}"
EndProject
Global
	GlobalSection(SolutionConfigurationPlatforms) = preSolution
		Debug|Any CPU = Debug|Any CPU
		Release|Any CPU = Release|Any CPU
	EndGlobalSection
	GlobalSection(ProjectConfigurationPlatforms) = postSolution
		{377F2302-A03D-45D8-AE65-22A059C482D8}.Debug|Any CPU.ActiveCfg = Debug|Any CPU
		{377F2302-A03D-45D8-AE65-22A059C482D8}.Debug|Any CPU.Build.0 = Debug|Any CPU
		{377F2302-A03D-45D8-AE65-22A059C482D8}.Release|Any CPU.ActiveCfg = Release|Any CPU
		{377F2302-A03D-45D8-AE65-22A059C482D8}.Release|Any CPU.Build.0 = Release|Any CPU
	EndGlobalSection
	GlobalSection(SolutionProperties) = preSolution
		HideSolutionNode = FALSE
	EndGlobalSection
	GlobalSection(ExtensibilityGlobals) = postSolution
		SolutionGuid = {B1F0BE70-4D2D-4C42-86DB-499C48A96211}
	EndGlobalSection
EndGlobal
